
Microsoft Visual Studio Solution File, Format Version 12.00
# Visual Studio 2017
Project("{FAE04EC0-301F-11D3-BF4B-00C04F79EFBC}") = "JoeKillMa", "JoeKillMa.csproj", "{587C01FB-1F0D-89AC-B95F-58CD3DD3F2D1}"
EndProject
Project("{FAE04EC0-301F-11D3-BF4B-00C04F79EFBC}") = "JoeKillMa.Editor", "JoeKillMa.Editor.csproj", "{403E5946-8805-A359-4283-02CC02EDF7E7}"
EndProject
Global
	GlobalSection(SolutionConfigurationPlatforms) = preSolution
		Debug|Any CPU = Debug|Any CPU
		Release|Any CPU = Release|Any CPU
	EndGlobalSection
	GlobalSection(ProjectConfigurationPlatforms) = postSolution
		{587C01FB-1F0D-89AC-B95F-58CD3DD3F2D1}.Debug|Any CPU.ActiveCfg = Debug|Any CPU
		{587C01FB-1F0D-89AC-B95F-58CD3DD3F2D1}.Debug|Any CPU.Build.0 = Debug|Any CPU
		{587C01FB-1F0D-89AC-B95F-58CD3DD3F2D1}.Release|Any CPU.ActiveCfg = Release|Any CPU
		{587C01FB-1F0D-89AC-B95F-58CD3DD3F2D1}.Release|Any CPU.Build.0 = Release|Any CPU
		{403E5946-8805-A359-4283-02CC02EDF7E7}.Debug|Any CPU.ActiveCfg = Debug|Any CPU
		{403E5946-8805-A359-4283-02CC02EDF7E7}.Debug|Any CPU.Build.0 = Debug|Any CPU
		{403E5946-8805-A359-4283-02CC02EDF7E7}.Release|Any CPU.ActiveCfg = Release|Any CPU
		{403E5946-8805-A359-4283-02CC02EDF7E7}.Release|Any CPU.Build.0 = Release|Any CPU
	EndGlobalSection
	GlobalSection(SolutionProperties) = preSolution
		HideSolutionNode = FALSE
	EndGlobalSection
EndGlobal
